{
  "name": "license-generator",
  "lockfileVersion": 2,
  "requires": true,
  "packages": {
    "": {
      "dependencies": {
        "purecss": "^2.0.5"
      }
    },
    "node_modules/purecss": {
      "version": "2.0.5",
      "resolved": "https://registry.npmjs.org/purecss/-/purecss-2.0.5.tgz",
      "integrity": "sha512-T9yg6NwJf1fgjUs+Vo0cEhHAR7lnkYbqhNYGdKzL9KjZ0ZECvvYZ2pgvOTN3jDa+1mpouMFaskuffG+lOADwxQ=="
    }
  },
  "dependencies": {
    "purecss": {
      "version": "2.0.5",
      "resolved": "https://registry.npmjs.org/purecss/-/purecss-2.0.5.tgz",
      "integrity": "sha512-T9yg6NwJf1fgjUs+Vo0cEhHAR7lnkYbqhNYGdKzL9KjZ0ZECvvYZ2pgvOTN3jDa+1mpouMFaskuffG+lOADwxQ=="
    }
  }
}
